// !$*UTF8*$!
{
	archiveVersion = 1;
	classes = {
	};
	objectVersion = 46;
	objects = {

/* Begin PBXBuildFile section */
		3424D628F17B3E2E69BED865 /* Pods_asovivaUITests.framework in Frameworks */ = {isa = PBXBuildFile; fileRef = 185AA5DCB5E42D3EC3C8FBA9 /* Pods_asovivaUITests.framework */; };
		5E9B755EA62C7DFD79F3333A /* Pods_asovivaTests.framework in Frameworks */ = {isa = PBXBuildFile; fileRef = 3FC2AEBF12D5AB2F0C47DE3A /* Pods_asovivaTests.framework */; };
		86715922B7FC1FED7B1D18B3 /* Pods_asoviva.framework in Frameworks */ = {isa = PBXBuildFile; fileRef = 61CF553ECAE0B2C5AF5DB596 /* Pods_asoviva.framework */; };
		9F0BA2A11EC6EEE700B0630A /* storeTableViewCell.swift in Sources */ = {isa = PBXBuildFile; fileRef = 9F0BA29F1EC6EEE700B0630A /* storeTableViewCell.swift */; };
		9F0BA2A21EC6EEE700B0630A /* storeTableViewCell.xib in Resources */ = {isa = PBXBuildFile; fileRef = 9F0BA2A01EC6EEE700B0630A /* storeTableViewCell.xib */; };
		9F0BA2AB1ECB0E2900B0630A /* storedetailTableViewCell.swift in Sources */ = {isa = PBXBuildFile; fileRef = 9F0BA2A91ECB0E2900B0630A /* storedetailTableViewCell.swift */; };
		9F0BA2AC1ECB0E2900B0630A /* storedetailTableViewCell.xib in Resources */ = {isa = PBXBuildFile; fileRef = 9F0BA2AA1ECB0E2900B0630A /* storedetailTableViewCell.xib */; };
		9F38BF801EED22050028A8D9 /* ピン.png in Resources */ = {isa = PBXBuildFile; fileRef = 9F38BF7F1EED22050028A8D9 /* ピン.png */; };
		9F4514F71E375210002CFE04 /* ObjectMapper.framework in Frameworks */ = {isa = PBXBuildFile; fileRef = 9F4514F51E3751CF002CFE04 /* ObjectMapper.framework */; };
		9F63EE9C1DDB142100D332D6 /* CoreLocation.framework in Frameworks */ = {isa = PBXBuildFile; fileRef = 9F63EE9B1DDB142100D332D6 /* CoreLocation.framework */; };
		9F63FBD11DD1EE1200150F34 /* MainViewController.swift in Sources */ = {isa = PBXBuildFile; fileRef = 9F63FBD01DD1EE1200150F34 /* MainViewController.swift */; };
		9F63FBD31DD1EEE100150F34 /* SearchResultViewController.swift in Sources */ = {isa = PBXBuildFile; fileRef = 9F63FBD21DD1EEE100150F34 /* SearchResultViewController.swift */; };
		9F63FBD61DD1F14100150F34 /* FontAwesome.framework in Frameworks */ = {isa = PBXBuildFile; fileRef = 9F63FBD51DD1F14100150F34 /* FontAwesome.framework */; };
		9F8B20651ECC53EB001B7543 /* Realm.framework in Frameworks */ = {isa = PBXBuildFile; fileRef = 9F8B20631ECC53EB001B7543 /* Realm.framework */; };
		9F8B20661ECC53EB001B7543 /* RealmSwift.framework in Frameworks */ = {isa = PBXBuildFile; fileRef = 9F8B20641ECC53EB001B7543 /* RealmSwift.framework */; };
		9F8B20681ECC5865001B7543 /* favorite.swift in Sources */ = {isa = PBXBuildFile; fileRef = 9F8B20671ECC5865001B7543 /* favorite.swift */; };
		9F8CBB0D1DD1E574002B3DBA /* AppDelegate.swift in Sources */ = {isa = PBXBuildFile; fileRef = 9F8CBB0C1DD1E574002B3DBA /* AppDelegate.swift */; };
		9F8CBB121DD1E574002B3DBA /* Main.storyboard in Resources */ = {isa = PBXBuildFile; fileRef = 9F8CBB101DD1E574002B3DBA /* Main.storyboard */; };
		9F8CBB141DD1E574002B3DBA /* Assets.xcassets in Resources */ = {isa = PBXBuildFile; fileRef = 9F8CBB131DD1E574002B3DBA /* Assets.xcassets */; };
		9F8CBB171DD1E574002B3DBA /* LaunchScreen.storyboard in Resources */ = {isa = PBXBuildFile; fileRef = 9F8CBB151DD1E574002B3DBA /* LaunchScreen.storyboard */; };
		9F9B564A1EE99B3400673F60 /* sampleimage.jpg in Resources */ = {isa = PBXBuildFile; fileRef = 9F9B56491EE99B3400673F60 /* sampleimage.jpg */; };
		9F9B56531EECEB6D00673F60 /* EurekaButtonTableViewCell.swift in Sources */ = {isa = PBXBuildFile; fileRef = 9F9B56511EECEB6D00673F60 /* EurekaButtonTableViewCell.swift */; };
		9F9B56541EECEB6D00673F60 /* EurekaButtonTableViewCell.xib in Resources */ = {isa = PBXBuildFile; fileRef = 9F9B56521EECEB6D00673F60 /* EurekaButtonTableViewCell.xib */; };
		9FB64B041E3762DF00C3C430 /* Location.swift in Sources */ = {isa = PBXBuildFile; fileRef = 9FB64B031E3762DF00C3C430 /* Location.swift */; };
		9FC4E9671EF1258F00DD039F /* Chameleon.framework in Frameworks */ = {isa = PBXBuildFile; fileRef = 9FC4E9661EF1258F00DD039F /* Chameleon.framework */; };
		9FD5BF031EDF0D3B00D1F65D /* WebPageViewController.swift in Sources */ = {isa = PBXBuildFile; fileRef = 9FD5BF021EDF0D3B00D1F65D /* WebPageViewController.swift */; };
		9FD5BF071EDF0D7A00D1F65D /* RouteViewController.swift in Sources */ = {isa = PBXBuildFile; fileRef = 9FD5BF061EDF0D7A00D1F65D /* RouteViewController.swift */; };
		9FD5BF091EE2F4F300D1F65D /* SearchFormViewController.swift in Sources */ = {isa = PBXBuildFile; fileRef = 9FD5BF081EE2F4F300D1F65D /* SearchFormViewController.swift */; };
		9FECD2B51EC1D142007E3C87 /* EurekaImageCellTableViewCell.swift in Sources */ = {isa = PBXBuildFile; fileRef = 9FECD2B31EC1D142007E3C87 /* EurekaImageCellTableViewCell.swift */; };
		9FECD2B61EC1D142007E3C87 /* EurekaImageCellTableViewCell.xib in Resources */ = {isa = PBXBuildFile; fileRef = 9FECD2B41EC1D142007E3C87 /* EurekaImageCellTableViewCell.xib */; };
		9FECD2B81EC1D89B007E3C87 /* FavoriteViewController.swift in Sources */ = {isa = PBXBuildFile; fileRef = 9FECD2B71EC1D89B007E3C87 /* FavoriteViewController.swift */; };
		9FECD2BA1EC318BE007E3C87 /* RecommendViewController.swift in Sources */ = {isa = PBXBuildFile; fileRef = 9FECD2B91EC318BE007E3C87 /* RecommendViewController.swift */; };
		9FECD2CD1EC598B9007E3C87 /* MyPageViewController.swift in Sources */ = {isa = PBXBuildFile; fileRef = 9FECD2CC1EC598B9007E3C87 /* MyPageViewController.swift */; };
		9FECD2D61EC5CBB3007E3C87 /* Info.plist in Resources */ = {isa = PBXBuildFile; fileRef = 9FECD2D31EC5CBB3007E3C87 /* Info.plist */; };
		9FECD2D71EC5CBB3007E3C87 /* SCLAlertView.swift in Sources */ = {isa = PBXBuildFile; fileRef = 9FECD2D41EC5CBB3007E3C87 /* SCLAlertView.swift */; };
		9FECD2D81EC5CBB3007E3C87 /* SCLExtensions.swift in Sources */ = {isa = PBXBuildFile; fileRef = 9FECD2D51EC5CBB3007E3C87 /* SCLExtensions.swift */; };
		9FFC054F1E77E6670032589C /* Eureka.framework in Frameworks */ = {isa = PBXBuildFile; fileRef = 9FFC054E1E77E6670032589C /* Eureka.framework */; };
/* End PBXBuildFile section */

/* Begin PBXContainerItemProxy section */
		9F8CBB1E1DD1E574002B3DBA /* PBXContainerItemProxy */ = {
			isa = PBXContainerItemProxy;
			containerPortal = 9F8CBB011DD1E574002B3DBA /* Project object */;
			proxyType = 1;
			remoteGlobalIDString = 9F8CBB081DD1E574002B3DBA;
			remoteInfo = asoviva;
		};
		9F8CBB291DD1E574002B3DBA /* PBXContainerItemProxy */ = {
			isa = PBXContainerItemProxy;
			containerPortal = 9F8CBB011DD1E574002B3DBA /* Project object */;
			proxyType = 1;
			remoteGlobalIDString = 9F8CBB081DD1E574002B3DBA;
			remoteInfo = asoviva;
		};
/* End PBXContainerItemProxy section */

/* Begin PBXFileReference section */
		185AA5DCB5E42D3EC3C8FBA9 /* Pods_asovivaUITests.framework */ = {isa = PBXFileReference; explicitFileType = wrapper.framework; includeInIndex = 0; path = Pods_asovivaUITests.framework; sourceTree = BUILT_PRODUCTS_DIR; };
		2F3AF750FA1B45E6F99EE965 /* Pods-asoviva.release.xcconfig */ = {isa = PBXFileReference; includeInIndex = 1; lastKnownFileType = text.xcconfig; name = "Pods-asoviva.release.xcconfig"; path = "Pods/Target Support Files/Pods-asoviva/Pods-asoviva.release.xcconfig"; sourceTree = "<group>"; };
		3FC2AEBF12D5AB2F0C47DE3A /* Pods_asovivaTests.framework */ = {isa = PBXFileReference; explicitFileType = wrapper.framework; includeInIndex = 0; path = Pods_asovivaTests.framework; sourceTree = BUILT_PRODUCTS_DIR; };
		61CF553ECAE0B2C5AF5DB596 /* Pods_asoviva.framework */ = {isa = PBXFileReference; explicitFileType = wrapper.framework; includeInIndex = 0; path = Pods_asoviva.framework; sourceTree = BUILT_PRODUCTS_DIR; };
		6271883DF96652BC2BC08E7E /* Pods-asovivaUITests.debug.xcconfig */ = {isa = PBXFileReference; includeInIndex = 1; lastKnownFileType = text.xcconfig; name = "Pods-asovivaUITests.debug.xcconfig"; path = "Pods/Target Support Files/Pods-asovivaUITests/Pods-asovivaUITests.debug.xcconfig"; sourceTree = "<group>"; };
		71902EDE5C8A45CDA48067E8 /* Pods-asovivaUITests.release.xcconfig */ = {isa = PBXFileReference; includeInIndex = 1; lastKnownFileType = text.xcconfig; name = "Pods-asovivaUITests.release.xcconfig"; path = "Pods/Target Support Files/Pods-asovivaUITests/Pods-asovivaUITests.release.xcconfig"; sourceTree = "<group>"; };
		78CF1CE33110201566327E23 /* Pods-asoviva.debug.xcconfig */ = {isa = PBXFileReference; includeInIndex = 1; lastKnownFileType = text.xcconfig; name = "Pods-asoviva.debug.xcconfig"; path = "Pods/Target Support Files/Pods-asoviva/Pods-asoviva.debug.xcconfig"; sourceTree = "<group>"; };
		9F04782C1E40982800656393 /* SwiftyJSON.framework */ = {isa = PBXFileReference; lastKnownFileType = wrapper.framework; name = SwiftyJSON.framework; path = Carthage/Build/iOS/SwiftyJSON.framework; sourceTree = "<group>"; };
		9F0BA2901EC6E18A00B0630A /* RAMAnimatedTabBarController.framework.dSYM */ = {isa = PBXFileReference; lastKnownFileType = wrapper.dsym; name = RAMAnimatedTabBarController.framework.dSYM; path = Carthage/Build/iOS/RAMAnimatedTabBarController.framework.dSYM; sourceTree = "<group>"; };
		9F0BA29F1EC6EEE700B0630A /* storeTableViewCell.swift */ = {isa = PBXFileReference; fileEncoding = 4; lastKnownFileType = sourcecode.swift; path = storeTableViewCell.swift; sourceTree = "<group>"; };
		9F0BA2A01EC6EEE700B0630A /* storeTableViewCell.xib */ = {isa = PBXFileReference; fileEncoding = 4; lastKnownFileType = file.xib; path = storeTableViewCell.xib; sourceTree = "<group>"; };
		9F0BA2A91ECB0E2900B0630A /* storedetailTableViewCell.swift */ = {isa = PBXFileReference; fileEncoding = 4; lastKnownFileType = sourcecode.swift; path = storedetailTableViewCell.swift; sourceTree = "<group>"; };
		9F0BA2AA1ECB0E2900B0630A /* storedetailTableViewCell.xib */ = {isa = PBXFileReference; fileEncoding = 4; lastKnownFileType = file.xib; path = storedetailTableViewCell.xib; sourceTree = "<group>"; };
		9F38BF7F1EED22050028A8D9 /* ピン.png */ = {isa = PBXFileReference; lastKnownFileType = image.png; path = "ピン.png"; sourceTree = SOURCE_ROOT; };
		9F4514F51E3751CF002CFE04 /* ObjectMapper.framework */ = {isa = PBXFileReference; lastKnownFileType = wrapper.framework; name = ObjectMapper.framework; path = "../../Library/Developer/Xcode/DerivedData/asoviva-fdgalpmzmcckcpbjtxkcbdbsxjjj/Build/Products/Debug-iphonesimulator/ObjectMapper/ObjectMapper.framework"; sourceTree = "<group>"; };
		9F63EE9B1DDB142100D332D6 /* CoreLocation.framework */ = {isa = PBXFileReference; lastKnownFileType = wrapper.framework; name = CoreLocation.framework; path = System/Library/Frameworks/CoreLocation.framework; sourceTree = SDKROOT; };
		9F63FBD01DD1EE1200150F34 /* MainViewController.swift */ = {isa = PBXFileReference; fileEncoding = 4; lastKnownFileType = sourcecode.swift; path = MainViewController.swift; sourceTree = "<group>"; };
		9F63FBD21DD1EEE100150F34 /* SearchResultViewController.swift */ = {isa = PBXFileReference; fileEncoding = 4; lastKnownFileType = sourcecode.swift; path = SearchResultViewController.swift; sourceTree = "<group>"; };
		9F63FBD51DD1F14100150F34 /* FontAwesome.framework */ = {isa = PBXFileReference; lastKnownFileType = wrapper.framework; name = FontAwesome.framework; path = Carthage/Build/iOS/FontAwesome.framework; sourceTree = "<group>"; };
		9F8B20631ECC53EB001B7543 /* Realm.framework */ = {isa = PBXFileReference; lastKnownFileType = wrapper.framework; path = Realm.framework; sourceTree = "<group>"; };
		9F8B20641ECC53EB001B7543 /* RealmSwift.framework */ = {isa = PBXFileReference; lastKnownFileType = wrapper.framework; path = RealmSwift.framework; sourceTree = "<group>"; };
		9F8B20671ECC5865001B7543 /* favorite.swift */ = {isa = PBXFileReference; fileEncoding = 4; lastKnownFileType = sourcecode.swift; path = favorite.swift; sourceTree = "<group>"; };
		9F8B20891EDD8271001B7543 /* GooglePlacesAPI.framework */ = {isa = PBXFileReference; lastKnownFileType = wrapper.framework; name = GooglePlacesAPI.framework; path = "../../Library/Developer/Xcode/DerivedData/asoviva-fdgalpmzmcckcpbjtxkcbdbsxjjj/Build/Products/Debug-iphonesimulator/GooglePlacesAPI/GooglePlacesAPI.framework"; sourceTree = "<group>"; };
		9F8CBB091DD1E574002B3DBA /* asoviva.app */ = {isa = PBXFileReference; explicitFileType = wrapper.application; includeInIndex = 0; path = asoviva.app; sourceTree = BUILT_PRODUCTS_DIR; };
		9F8CBB0C1DD1E574002B3DBA /* AppDelegate.swift */ = {isa = PBXFileReference; lastKnownFileType = sourcecode.swift; path = AppDelegate.swift; sourceTree = "<group>"; };
		9F8CBB111DD1E574002B3DBA /* Base */ = {isa = PBXFileReference; lastKnownFileType = file.storyboard; name = Base; path = Base.lproj/Main.storyboard; sourceTree = "<group>"; };
		9F8CBB131DD1E574002B3DBA /* Assets.xcassets */ = {isa = PBXFileReference; lastKnownFileType = folder.assetcatalog; path = Assets.xcassets; sourceTree = "<group>"; };
		9F8CBB161DD1E574002B3DBA /* Base */ = {isa = PBXFileReference; lastKnownFileType = file.storyboard; name = Base; path = Base.lproj/LaunchScreen.storyboard; sourceTree = "<group>"; };
		9F8CBB181DD1E574002B3DBA /* Info.plist */ = {isa = PBXFileReference; lastKnownFileType = text.plist.xml; path = Info.plist; sourceTree = "<group>"; };
		9F8CBB1D1DD1E574002B3DBA /* asovivaTests.xctest */ = {isa = PBXFileReference; explicitFileType = wrapper.cfbundle; includeInIndex = 0; path = asovivaTests.xctest; sourceTree = BUILT_PRODUCTS_DIR; };
		9F8CBB281DD1E574002B3DBA /* asovivaUITests.xctest */ = {isa = PBXFileReference; explicitFileType = wrapper.cfbundle; includeInIndex = 0; path = asovivaUITests.xctest; sourceTree = BUILT_PRODUCTS_DIR; };
		9F9B56491EE99B3400673F60 /* sampleimage.jpg */ = {isa = PBXFileReference; lastKnownFileType = image.jpeg; path = sampleimage.jpg; sourceTree = SOURCE_ROOT; };
		9F9B564C1EEC197A00673F60 /* ja */ = {isa = PBXFileReference; lastKnownFileType = text.plist.strings; name = ja; path = ja.lproj/Main.strings; sourceTree = "<group>"; };
		9F9B564D1EEC197A00673F60 /* ja */ = {isa = PBXFileReference; lastKnownFileType = text.plist.strings; name = ja; path = ja.lproj/LaunchScreen.strings; sourceTree = "<group>"; };
		9F9B56511EECEB6D00673F60 /* EurekaButtonTableViewCell.swift */ = {isa = PBXFileReference; fileEncoding = 4; lastKnownFileType = sourcecode.swift; path = EurekaButtonTableViewCell.swift; sourceTree = "<group>"; };
		9F9B56521EECEB6D00673F60 /* EurekaButtonTableViewCell.xib */ = {isa = PBXFileReference; fileEncoding = 4; lastKnownFileType = file.xib; path = EurekaButtonTableViewCell.xib; sourceTree = "<group>"; };
		9FB64B031E3762DF00C3C430 /* Location.swift */ = {isa = PBXFileReference; fileEncoding = 4; lastKnownFileType = sourcecode.swift; path = Location.swift; sourceTree = "<group>"; };
		9FC4E9641EF1232B00DD039F /* ChameleonFramework.framework */ = {isa = PBXFileReference; lastKnownFileType = wrapper.framework; name = ChameleonFramework.framework; path = "../../Library/Developer/Xcode/DerivedData/asoviva-fdgalpmzmcckcpbjtxkcbdbsxjjj/Build/Products/Debug-iphonesimulator/ChameleonFramework/ChameleonFramework.framework"; sourceTree = "<group>"; };
		9FC4E9661EF1258F00DD039F /* Chameleon.framework */ = {isa = PBXFileReference; lastKnownFileType = wrapper.framework; name = Chameleon.framework; path = Carthage/Build/iOS/Chameleon.framework; sourceTree = "<group>"; };
		9FD5BF021EDF0D3B00D1F65D /* WebPageViewController.swift */ = {isa = PBXFileReference; fileEncoding = 4; lastKnownFileType = sourcecode.swift; path = WebPageViewController.swift; sourceTree = "<group>"; };
		9FD5BF061EDF0D7A00D1F65D /* RouteViewController.swift */ = {isa = PBXFileReference; fileEncoding = 4; lastKnownFileType = sourcecode.swift; path = RouteViewController.swift; sourceTree = "<group>"; };
		9FD5BF081EE2F4F300D1F65D /* SearchFormViewController.swift */ = {isa = PBXFileReference; fileEncoding = 4; lastKnownFileType = sourcecode.swift; path = SearchFormViewController.swift; sourceTree = "<group>"; };
		9FECD2B31EC1D142007E3C87 /* EurekaImageCellTableViewCell.swift */ = {isa = PBXFileReference; fileEncoding = 4; lastKnownFileType = sourcecode.swift; path = EurekaImageCellTableViewCell.swift; sourceTree = "<group>"; };
		9FECD2B41EC1D142007E3C87 /* EurekaImageCellTableViewCell.xib */ = {isa = PBXFileReference; fileEncoding = 4; lastKnownFileType = file.xib; path = EurekaImageCellTableViewCell.xib; sourceTree = "<group>"; };
		9FECD2B71EC1D89B007E3C87 /* FavoriteViewController.swift */ = {isa = PBXFileReference; fileEncoding = 4; lastKnownFileType = sourcecode.swift; path = FavoriteViewController.swift; sourceTree = "<group>"; };
		9FECD2B91EC318BE007E3C87 /* RecommendViewController.swift */ = {isa = PBXFileReference; fileEncoding = 4; lastKnownFileType = sourcecode.swift; path = RecommendViewController.swift; sourceTree = "<group>"; };
		9FECD2CC1EC598B9007E3C87 /* MyPageViewController.swift */ = {isa = PBXFileReference; fileEncoding = 4; lastKnownFileType = sourcecode.swift; path = MyPageViewController.swift; sourceTree = "<group>"; };
		9FECD2D31EC5CBB3007E3C87 /* Info.plist */ = {isa = PBXFileReference; fileEncoding = 4; lastKnownFileType = text.plist.xml; path = Info.plist; sourceTree = "<group>"; };
		9FECD2D41EC5CBB3007E3C87 /* SCLAlertView.swift */ = {isa = PBXFileReference; fileEncoding = 4; lastKnownFileType = sourcecode.swift; path = SCLAlertView.swift; sourceTree = "<group>"; };
		9FECD2D51EC5CBB3007E3C87 /* SCLExtensions.swift */ = {isa = PBXFileReference; fileEncoding = 4; lastKnownFileType = sourcecode.swift; path = SCLExtensions.swift; sourceTree = "<group>"; };
		9FFC054E1E77E6670032589C /* Eureka.framework */ = {isa = PBXFileReference; lastKnownFileType = wrapper.framework; name = Eureka.framework; path = Carthage/Build/iOS/Eureka.framework; sourceTree = "<group>"; };
		FB105D80A53C4A293E4B534F /* Pods-asovivaTests.debug.xcconfig */ = {isa = PBXFileReference; includeInIndex = 1; lastKnownFileType = text.xcconfig; name = "Pods-asovivaTests.debug.xcconfig"; path = "Pods/Target Support Files/Pods-asovivaTests/Pods-asovivaTests.debug.xcconfig"; sourceTree = "<group>"; };
		FE41C5F1DCA636049125BE31 /* Pods-asovivaTests.release.xcconfig */ = {isa = PBXFileReference; includeInIndex = 1; lastKnownFileType = text.xcconfig; name = "Pods-asovivaTests.release.xcconfig"; path = "Pods/Target Support Files/Pods-asovivaTests/Pods-asovivaTests.release.xcconfig"; sourceTree = "<group>"; };
/* End PBXFileReference section */

/* Begin PBXFrameworksBuildPhase section */
		9F8CBB061DD1E574002B3DBA /* Frameworks */ = {
			isa = PBXFrameworksBuildPhase;
			buildActionMask = 2147483647;
			files = (
				9FC4E9671EF1258F00DD039F /* Chameleon.framework in Frameworks */,
				9FFC054F1E77E6670032589C /* Eureka.framework in Frameworks */,
				9F4514F71E375210002CFE04 /* ObjectMapper.framework in Frameworks */,
				9F63EE9C1DDB142100D332D6 /* CoreLocation.framework in Frameworks */,
				9F8B20651ECC53EB001B7543 /* Realm.framework in Frameworks */,
				9F63FBD61DD1F14100150F34 /* FontAwesome.framework in Frameworks */,
				9F8B20661ECC53EB001B7543 /* RealmSwift.framework in Frameworks */,
				86715922B7FC1FED7B1D18B3 /* Pods_asoviva.framework in Frameworks */,
			);
			runOnlyForDeploymentPostprocessing = 0;
		};
		9F8CBB1A1DD1E574002B3DBA /* Frameworks */ = {
			isa = PBXFrameworksBuildPhase;
			buildActionMask = 2147483647;
			files = (
				5E9B755EA62C7DFD79F3333A /* Pods_asovivaTests.framework in Frameworks */,
			);
			runOnlyForDeploymentPostprocessing = 0;
		};
		9F8CBB251DD1E574002B3DBA /* Frameworks */ = {
			isa = PBXFrameworksBuildPhase;
			buildActionMask = 2147483647;
			files = (
				3424D628F17B3E2E69BED865 /* Pods_asovivaUITests.framework in Frameworks */,
			);
			runOnlyForDeploymentPostprocessing = 0;
		};
/* End PBXFrameworksBuildPhase section */

/* Begin PBXGroup section */
		26C72D310407639AC2017C31 /* Pods */ = {
			isa = PBXGroup;
			children = (
				78CF1CE33110201566327E23 /* Pods-asoviva.debug.xcconfig */,
				2F3AF750FA1B45E6F99EE965 /* Pods-asoviva.release.xcconfig */,
				FB105D80A53C4A293E4B534F /* Pods-asovivaTests.debug.xcconfig */,
				FE41C5F1DCA636049125BE31 /* Pods-asovivaTests.release.xcconfig */,
				6271883DF96652BC2BC08E7E /* Pods-asovivaUITests.debug.xcconfig */,
				71902EDE5C8A45CDA48067E8 /* Pods-asovivaUITests.release.xcconfig */,
			);
			name = Pods;
			sourceTree = "<group>";
		};
		9F63FBD41DD1F14100150F34 /* Frameworks */ = {
			isa = PBXGroup;
			children = (
				9FC4E9661EF1258F00DD039F /* Chameleon.framework */,
				9FC4E9641EF1232B00DD039F /* ChameleonFramework.framework */,
				9F8B20891EDD8271001B7543 /* GooglePlacesAPI.framework */,
				9F8B20631ECC53EB001B7543 /* Realm.framework */,
				9F8B20641ECC53EB001B7543 /* RealmSwift.framework */,
				9F0BA2901EC6E18A00B0630A /* RAMAnimatedTabBarController.framework.dSYM */,
				9FFC054E1E77E6670032589C /* Eureka.framework */,
				9F04782C1E40982800656393 /* SwiftyJSON.framework */,
				9F4514F51E3751CF002CFE04 /* ObjectMapper.framework */,
				9F63EE9B1DDB142100D332D6 /* CoreLocation.framework */,
				9F63FBD51DD1F14100150F34 /* FontAwesome.framework */,
				61CF553ECAE0B2C5AF5DB596 /* Pods_asoviva.framework */,
				3FC2AEBF12D5AB2F0C47DE3A /* Pods_asovivaTests.framework */,
				185AA5DCB5E42D3EC3C8FBA9 /* Pods_asovivaUITests.framework */,
			);
			name = Frameworks;
			sourceTree = "<group>";
		};
		9F8CBB001DD1E574002B3DBA = {
			isa = PBXGroup;
			children = (
				9F8CBB0B1DD1E574002B3DBA /* asoviva */,
				9F8CBB0A1DD1E574002B3DBA /* Products */,
				9F63FBD41DD1F14100150F34 /* Frameworks */,
				26C72D310407639AC2017C31 /* Pods */,
			);
			sourceTree = "<group>";
		};
		9F8CBB0A1DD1E574002B3DBA /* Products */ = {
			isa = PBXGroup;
			children = (
				9F8CBB091DD1E574002B3DBA /* asoviva.app */,
				9F8CBB1D1DD1E574002B3DBA /* asovivaTests.xctest */,
				9F8CBB281DD1E574002B3DBA /* asovivaUITests.xctest */,
			);
			name = Products;
			sourceTree = "<group>";
		};
		9F8CBB0B1DD1E574002B3DBA /* asoviva */ = {
			isa = PBXGroup;
			children = (
				9F8CBB0C1DD1E574002B3DBA /* AppDelegate.swift */,
				9F63FBD01DD1EE1200150F34 /* MainViewController.swift */,
				9FECD2B91EC318BE007E3C87 /* RecommendViewController.swift */,
				9F0BA29F1EC6EEE700B0630A /* storeTableViewCell.swift */,
				9F0BA2A01EC6EEE700B0630A /* storeTableViewCell.xib */,
				9F0BA2A91ECB0E2900B0630A /* storedetailTableViewCell.swift */,
				9F0BA2AA1ECB0E2900B0630A /* storedetailTableViewCell.xib */,
				9FB64B031E3762DF00C3C430 /* Location.swift */,
				9FD5BF021EDF0D3B00D1F65D /* WebPageViewController.swift */,
				9FD5BF061EDF0D7A00D1F65D /* RouteViewController.swift */,
				9FD5BF081EE2F4F300D1F65D /* SearchFormViewController.swift */,
				9F63FBD21DD1EEE100150F34 /* SearchResultViewController.swift */,
				9FECD2B71EC1D89B007E3C87 /* FavoriteViewController.swift */,
				9F8B20671ECC5865001B7543 /* favorite.swift */,
				9FECD2CC1EC598B9007E3C87 /* MyPageViewController.swift */,
				9FECD2B31EC1D142007E3C87 /* EurekaImageCellTableViewCell.swift */,
				9FECD2B41EC1D142007E3C87 /* EurekaImageCellTableViewCell.xib */,
				9F9B56511EECEB6D00673F60 /* EurekaButtonTableViewCell.swift */,
				9F9B56521EECEB6D00673F60 /* EurekaButtonTableViewCell.xib */,
				9F8CBB131DD1E574002B3DBA /* Assets.xcassets */,
				9F8CBB101DD1E574002B3DBA /* Main.storyboard */,
				9F8CBB151DD1E574002B3DBA /* LaunchScreen.storyboard */,
				9F8CBB181DD1E574002B3DBA /* Info.plist */,
				9F9B56491EE99B3400673F60 /* sampleimage.jpg */,
				9F38BF7F1EED22050028A8D9 /* ピン.png */,
				9FECD2D21EC5CBB3007E3C87 /* SCLAlertView */,
			);
			path = asoviva;
			sourceTree = "<group>";
		};
		9FECD2D21EC5CBB3007E3C87 /* SCLAlertView */ = {
			isa = PBXGroup;
			children = (
				9FECD2D31EC5CBB3007E3C87 /* Info.plist */,
				9FECD2D41EC5CBB3007E3C87 /* SCLAlertView.swift */,
				9FECD2D51EC5CBB3007E3C87 /* SCLExtensions.swift */,
			);
			path = SCLAlertView;
			sourceTree = SOURCE_ROOT;
		};
/* End PBXGroup section */

/* Begin PBXNativeTarget section */
		9F8CBB081DD1E574002B3DBA /* asoviva */ = {
			isa = PBXNativeTarget;
			buildConfigurationList = 9F8CBB311DD1E574002B3DBA /* Build configuration list for PBXNativeTarget "asoviva" */;
			buildPhases = (
				19ECA29885FD3AB778BE6EE3 /* [CP] Check Pods Manifest.lock */,
				9F8CBB051DD1E574002B3DBA /* Sources */,
				9F8CBB061DD1E574002B3DBA /* Frameworks */,
				9F8CBB071DD1E574002B3DBA /* Resources */,
				9F63FBD71DD1F15F00150F34 /* Run Script */,
				A6F5195E533F76361ED4405B /* [CP] Embed Pods Frameworks */,
				0D89961872A7C9E7415F3243 /* [CP] Copy Pods Resources */,
			);
			buildRules = (
			);
			dependencies = (
			);
			name = asoviva;
			productName = asoviva;
			productReference = 9F8CBB091DD1E574002B3DBA /* asoviva.app */;
			productType = "com.apple.product-type.application";
		};
		9F8CBB1C1DD1E574002B3DBA /* asovivaTests */ = {
			isa = PBXNativeTarget;
			buildConfigurationList = 9F8CBB341DD1E574002B3DBA /* Build configuration list for PBXNativeTarget "asovivaTests" */;
			buildPhases = (
				FA27592700E6F93E61C5D03E /* [CP] Check Pods Manifest.lock */,
				9F8CBB191DD1E574002B3DBA /* Sources */,
				9F8CBB1A1DD1E574002B3DBA /* Frameworks */,
				9F8CBB1B1DD1E574002B3DBA /* Resources */,
				9DDAE328B086CCF8D67D849E /* [CP] Embed Pods Frameworks */,
				E6C4954DCA26300EF42AC2E4 /* [CP] Copy Pods Resources */,
			);
			buildRules = (
			);
			dependencies = (
				9F8CBB1F1DD1E574002B3DBA /* PBXTargetDependency */,
			);
			name = asovivaTests;
			productName = asovivaTests;
			productReference = 9F8CBB1D1DD1E574002B3DBA /* asovivaTests.xctest */;
			productType = "com.apple.product-type.bundle.unit-test";
		};
		9F8CBB271DD1E574002B3DBA /* asovivaUITests */ = {
			isa = PBXNativeTarget;
			buildConfigurationList = 9F8CBB371DD1E574002B3DBA /* Build configuration list for PBXNativeTarget "asovivaUITests" */;
			buildPhases = (
				BA484337C2BA9AB8D60B5703 /* [CP] Check Pods Manifest.lock */,
				9F8CBB241DD1E574002B3DBA /* Sources */,
				9F8CBB251DD1E574002B3DBA /* Frameworks */,
				9F8CBB261DD1E574002B3DBA /* Resources */,
				14EEFD668535EB555E17B39B /* [CP] Copy Pods Resources */,
				99DF101CAFB5E33E80331FA3 /* [CP] Embed Pods Frameworks */,
			);
			buildRules = (
			);
			dependencies = (
				9F8CBB2A1DD1E574002B3DBA /* PBXTargetDependency */,
			);
			name = asovivaUITests;
			productName = asovivaUITests;
			productReference = 9F8CBB281DD1E574002B3DBA /* asovivaUITests.xctest */;
			productType = "com.apple.product-type.bundle.ui-testing";
		};
/* End PBXNativeTarget section */

/* Begin PBXProject section */
		9F8CBB011DD1E574002B3DBA /* Project object */ = {
			isa = PBXProject;
			attributes = {
				LastSwiftUpdateCheck = 0800;
				LastUpgradeCheck = 0830;
				ORGANIZATIONNAME = "田中 颯";
				TargetAttributes = {
					9F8CBB081DD1E574002B3DBA = {
						CreatedOnToolsVersion = 8.0;
						DevelopmentTeam = J476SJFME4;
						ProvisioningStyle = Automatic;
					};
					9F8CBB1C1DD1E574002B3DBA = {
						CreatedOnToolsVersion = 8.0;
						DevelopmentTeam = J476SJFME4;
						ProvisioningStyle = Automatic;
						TestTargetID = 9F8CBB081DD1E574002B3DBA;
					};
					9F8CBB271DD1E574002B3DBA = {
						CreatedOnToolsVersion = 8.0;
						DevelopmentTeam = J476SJFME4;
						ProvisioningStyle = Automatic;
						TestTargetID = 9F8CBB081DD1E574002B3DBA;
					};
				};
			};
			buildConfigurationList = 9F8CBB041DD1E574002B3DBA /* Build configuration list for PBXProject "asoviva" */;
			compatibilityVersion = "Xcode 3.2";
			developmentRegion = English;
			hasScannedForEncodings = 0;
			knownRegions = (
				en,
				Base,
			);
			mainGroup = 9F8CBB001DD1E574002B3DBA;
			productRefGroup = 9F8CBB0A1DD1E574002B3DBA /* Products */;
			projectDirPath = "";
			projectRoot = "";
			targets = (
				9F8CBB081DD1E574002B3DBA /* asoviva */,
				9F8CBB1C1DD1E574002B3DBA /* asovivaTests */,
				9F8CBB271DD1E574002B3DBA /* asovivaUITests */,
			);
		};
/* End PBXProject section */

/* Begin PBXResourcesBuildPhase section */
		9F8CBB071DD1E574002B3DBA /* Resources */ = {
			isa = PBXResourcesBuildPhase;
			buildActionMask = 2147483647;
			files = (
				9FECD2B61EC1D142007E3C87 /* EurekaImageCellTableViewCell.xib in Resources */,
				9F38BF801EED22050028A8D9 /* ピン.png in Resources */,
				9F9B56541EECEB6D00673F60 /* EurekaButtonTableViewCell.xib in Resources */,
				9F0BA2AC1ECB0E2900B0630A /* storedetailTableViewCell.xib in Resources */,
				9F8CBB171DD1E574002B3DBA /* LaunchScreen.storyboard in Resources */,
				9F9B564A1EE99B3400673F60 /* sampleimage.jpg in Resources */,
				9F8CBB141DD1E574002B3DBA /* Assets.xcassets in Resources */,
				9FECD2D61EC5CBB3007E3C87 /* Info.plist in Resources */,
				9F8CBB121DD1E574002B3DBA /* Main.storyboard in Resources */,
				9F0BA2A21EC6EEE700B0630A /* storeTableViewCell.xib in Resources */,
			);
			runOnlyForDeploymentPostprocessing = 0;
		};
		9F8CBB1B1DD1E574002B3DBA /* Resources */ = {
			isa = PBXResourcesBuildPhase;
			buildActionMask = 2147483647;
			files = (
			);
			runOnlyForDeploymentPostprocessing = 0;
		};
		9F8CBB261DD1E574002B3DBA /* Resources */ = {
			isa = PBXResourcesBuildPhase;
			buildActionMask = 2147483647;
			files = (
			);
			runOnlyForDeploymentPostprocessing = 0;
		};
/* End PBXResourcesBuildPhase section */

/* Begin PBXShellScriptBuildPhase section */
		0D89961872A7C9E7415F3243 /* [CP] Copy Pods Resources */ = {
			isa = PBXShellScriptBuildPhase;
			buildActionMask = 2147483647;
			files = (
			);
			inputPaths = (
			);
			name = "[CP] Copy Pods Resources";
			outputPaths = (
			);
			runOnlyForDeploymentPostprocessing = 0;
			shellPath = /bin/sh;
			shellScript = "\"${SRCROOT}/Pods/Target Support Files/Pods-asoviva/Pods-asoviva-resources.sh\"\n";
			showEnvVarsInLog = 0;
		};
		14EEFD668535EB555E17B39B /* [CP] Copy Pods Resources */ = {
			isa = PBXShellScriptBuildPhase;
			buildActionMask = 2147483647;
			files = (
			);
			inputPaths = (
			);
			name = "[CP] Copy Pods Resources";
			outputPaths = (
			);
			runOnlyForDeploymentPostprocessing = 0;
			shellPath = /bin/sh;
			shellScript = "\"${SRCROOT}/Pods/Target Support Files/Pods-asovivaUITests/Pods-asovivaUITests-resources.sh\"\n";
			showEnvVarsInLog = 0;
		};
		19ECA29885FD3AB778BE6EE3 /* [CP] Check Pods Manifest.lock */ = {
			isa = PBXShellScriptBuildPhase;
			buildActionMask = 2147483647;
			files = (
			);
			inputPaths = (
			);
			name = "[CP] Check Pods Manifest.lock";
			outputPaths = (
			);
			runOnlyForDeploymentPostprocessing = 0;
			shellPath = /bin/sh;
			shellScript = "diff \"${PODS_PODFILE_DIR_PATH}/Podfile.lock\" \"${PODS_ROOT}/Manifest.lock\" > /dev/null\nif [ $? != 0 ] ; then\n    # print error to STDERR\n    echo \"error: The sandbox is not in sync with the Podfile.lock. Run 'pod install' or update your CocoaPods installation.\" >&2\n    exit 1\nfi\n";
			showEnvVarsInLog = 0;
		};
		99DF101CAFB5E33E80331FA3 /* [CP] Embed Pods Frameworks */ = {
			isa = PBXShellScriptBuildPhase;
			buildActionMask = 2147483647;
			files = (
			);
			inputPaths = (
			);
			name = "[CP] Embed Pods Frameworks";
			outputPaths = (
			);
			runOnlyForDeploymentPostprocessing = 0;
			shellPath = /bin/sh;
			shellScript = "\"${SRCROOT}/Pods/Target Support Files/Pods-asovivaUITests/Pods-asovivaUITests-frameworks.sh\"\n";
			showEnvVarsInLog = 0;
		};
		9DDAE328B086CCF8D67D849E /* [CP] Embed Pods Frameworks */ = {
			isa = PBXShellScriptBuildPhase;
			buildActionMask = 2147483647;
			files = (
			);
			inputPaths = (
			);
			name = "[CP] Embed Pods Frameworks";
			outputPaths = (
			);
			runOnlyForDeploymentPostprocessing = 0;
			shellPath = /bin/sh;
			shellScript = "\"${SRCROOT}/Pods/Target Support Files/Pods-asovivaTests/Pods-asovivaTests-frameworks.sh\"\n";
			showEnvVarsInLog = 0;
		};
		9F63FBD71DD1F15F00150F34 /* Run Script */ = {
			isa = PBXShellScriptBuildPhase;
			buildActionMask = 2147483647;
			files = (
			);
			inputPaths = (
				"$(SRCROOT)/Carthage/Build/iOS/FontAwesome.framework",
				"$(SRCROOT)/Carthage/Build/iOS/ObjectMapper.framework",
				"$(SRCROOT)/Carthage/Build/iOS/SwiftyJSON.framework",
				"$(SRCROOT)/Carthage/Build/iOS/Eureka.framework",
				"$(SRCROOT)/RealmSwift.framework",
				"$(SRCROOT)/Realm.framework",
				"$(SRCROOT)/Carthage/Build/iOS/Chameleon.framework",
			);
			name = "Run Script";
			outputPaths = (
			);
			runOnlyForDeploymentPostprocessing = 0;
			shellPath = /bin/sh;
			shellScript = "/usr/local/bin/carthage copy-frameworks";
		};
		A6F5195E533F76361ED4405B /* [CP] Embed Pods Frameworks */ = {
			isa = PBXShellScriptBuildPhase;
			buildActionMask = 2147483647;
			files = (
			);
			inputPaths = (
			);
			name = "[CP] Embed Pods Frameworks";
			outputPaths = (
			);
			runOnlyForDeploymentPostprocessing = 0;
			shellPath = /bin/sh;
			shellScript = "\"${SRCROOT}/Pods/Target Support Files/Pods-asoviva/Pods-asoviva-frameworks.sh\"\n";
			showEnvVarsInLog = 0;
		};
		BA484337C2BA9AB8D60B5703 /* [CP] Check Pods Manifest.lock */ = {
			isa = PBXShellScriptBuildPhase;
			buildActionMask = 2147483647;
			files = (
			);
			inputPaths = (
			);
			name = "[CP] Check Pods Manifest.lock";
			outputPaths = (
			);
			runOnlyForDeploymentPostprocessing = 0;
			shellPath = /bin/sh;
			shellScript = "diff \"${PODS_PODFILE_DIR_PATH}/Podfile.lock\" \"${PODS_ROOT}/Manifest.lock\" > /dev/null\nif [ $? != 0 ] ; then\n    # print error to STDERR\n    echo \"error: The sandbox is not in sync with the Podfile.lock. Run 'pod install' or update your CocoaPods installation.\" >&2\n    exit 1\nfi\n";
			showEnvVarsInLog = 0;
		};
		E6C4954DCA26300EF42AC2E4 /* [CP] Copy Pods Resources */ = {
			isa = PBXShellScriptBuildPhase;
			buildActionMask = 2147483647;
			files = (
			);
			inputPaths = (
			);
			name = "[CP] Copy Pods Resources";
			outputPaths = (
			);
			runOnlyForDeploymentPostprocessing = 0;
			shellPath = /bin/sh;
			shellScript = "\"${SRCROOT}/Pods/Target Support Files/Pods-asovivaTests/Pods-asovivaTests-resources.sh\"\n";
			showEnvVarsInLog = 0;
		};
		FA27592700E6F93E61C5D03E /* [CP] Check Pods Manifest.lock */ = {
			isa = PBXShellScriptBuildPhase;
			buildActionMask = 2147483647;
			files = (
			);
			inputPaths = (
			);
			name = "[CP] Check Pods Manifest.lock";
			outputPaths = (
			);
			runOnlyForDeploymentPostprocessing = 0;
			shellPath = /bin/sh;
			shellScript = "diff \"${PODS_PODFILE_DIR_PATH}/Podfile.lock\" \"${PODS_ROOT}/Manifest.lock\" > /dev/null\nif [ $? != 0 ] ; then\n    # print error to STDERR\n    echo \"error: The sandbox is not in sync with the Podfile.lock. Run 'pod install' or update your CocoaPods installation.\" >&2\n    exit 1\nfi\n";
			showEnvVarsInLog = 0;
		};
/* End PBXShellScriptBuildPhase section */

/* Begin PBXSourcesBuildPhase section */
		9F8CBB051DD1E574002B3DBA /* Sources */ = {
			isa = PBXSourcesBuildPhase;
			buildActionMask = 2147483647;
			files = (
				9FECD2D81EC5CBB3007E3C87 /* SCLExtensions.swift in Sources */,
				9F63FBD11DD1EE1200150F34 /* MainViewController.swift in Sources */,
				9F0BA2AB1ECB0E2900B0630A /* storedetailTableViewCell.swift in Sources */,
				9F63FBD31DD1EEE100150F34 /* SearchResultViewController.swift in Sources */,
				9FD5BF091EE2F4F300D1F65D /* SearchFormViewController.swift in Sources */,
				9F8B20681ECC5865001B7543 /* favorite.swift in Sources */,
				9F9B56531EECEB6D00673F60 /* EurekaButtonTableViewCell.swift in Sources */,
				9FB64B041E3762DF00C3C430 /* Location.swift in Sources */,
				9F0BA2A11EC6EEE700B0630A /* storeTableViewCell.swift in Sources */,
				9FD5BF031EDF0D3B00D1F65D /* WebPageViewController.swift in Sources */,
				9FECD2B81EC1D89B007E3C87 /* FavoriteViewController.swift in Sources */,
				9FECD2CD1EC598B9007E3C87 /* MyPageViewController.swift in Sources */,
				9F8CBB0D1DD1E574002B3DBA /* AppDelegate.swift in Sources */,
				9FD5BF071EDF0D7A00D1F65D /* RouteViewController.swift in Sources */,
				9FECD2B51EC1D142007E3C87 /* EurekaImageCellTableViewCell.swift in Sources */,
				9FECD2D71EC5CBB3007E3C87 /* SCLAlertView.swift in Sources */,
				9FECD2BA1EC318BE007E3C87 /* RecommendViewController.swift in Sources */,
			);
			runOnlyForDeploymentPostprocessing = 0;
		};
		9F8CBB191DD1E574002B3DBA /* Sources */ = {
			isa = PBXSourcesBuildPhase;
			buildActionMask = 2147483647;
			files = (
			);
			runOnlyForDeploymentPostprocessing = 0;
		};
		9F8CBB241DD1E574002B3DBA /* Sources */ = {
			isa = PBXSourcesBuildPhase;
			buildActionMask = 2147483647;
			files = (
			);
			runOnlyForDeploymentPostprocessing = 0;
		};
/* End PBXSourcesBuildPhase section */

/* Begin PBXTargetDependency section */
		9F8CBB1F1DD1E574002B3DBA /* PBXTargetDependency */ = {
			isa = PBXTargetDependency;
			target = 9F8CBB081DD1E574002B3DBA /* asoviva */;
			targetProxy = 9F8CBB1E1DD1E574002B3DBA /* PBXContainerItemProxy */;
		};
		9F8CBB2A1DD1E574002B3DBA /* PBXTargetDependency */ = {
			isa = PBXTargetDependency;
			target = 9F8CBB081DD1E574002B3DBA /* asoviva */;
			targetProxy = 9F8CBB291DD1E574002B3DBA /* PBXContainerItemProxy */;
		};
/* End PBXTargetDependency section */

/* Begin PBXVariantGroup section */
		9F8CBB101DD1E574002B3DBA /* Main.storyboard */ = {
			isa = PBXVariantGroup;
			children = (
				9F8CBB111DD1E574002B3DBA /* Base */,
				9F9B564C1EEC197A00673F60 /* ja */,
			);
			name = Main.storyboard;
			sourceTree = "<group>";
		};
		9F8CBB151DD1E574002B3DBA /* LaunchScreen.storyboard */ = {
			isa = PBXVariantGroup;
			children = (
				9F8CBB161DD1E574002B3DBA /* Base */,
				9F9B564D1EEC197A00673F60 /* ja */,
			);
			name = LaunchScreen.storyboard;
			sourceTree = "<group>";
		};
/* End PBXVariantGroup section */

/* Begin XCBuildConfiguration section */
		9F8CBB2F1DD1E574002B3DBA /* Debug */ = {
			isa = XCBuildConfiguration;
			buildSettings = {
				ALWAYS_SEARCH_USER_PATHS = NO;
				CLANG_ANALYZER_LOCALIZABILITY_NONLOCALIZED = YES;
				CLANG_ANALYZER_NONNULL = YES;
				CLANG_CXX_LANGUAGE_STANDARD = "gnu++0x";
				CLANG_CXX_LIBRARY = "libc++";
				CLANG_ENABLE_MODULES = YES;
				CLANG_ENABLE_OBJC_ARC = YES;
				CLANG_WARN_BOOL_CONVERSION = YES;
				CLANG_WARN_CONSTANT_CONVERSION = YES;
				CLANG_WARN_DIRECT_OBJC_ISA_USAGE = YES_ERROR;
				CLANG_WARN_DOCUMENTATION_COMMENTS = YES;
				CLANG_WARN_EMPTY_BODY = YES;
				CLANG_WARN_ENUM_CONVERSION = YES;
				CLANG_WARN_INFINITE_RECURSION = YES;
				CLANG_WARN_INT_CONVERSION = YES;
				CLANG_WARN_OBJC_ROOT_CLASS = YES_ERROR;
				CLANG_WARN_SUSPICIOUS_MOVE = YES;
				CLANG_WARN_SUSPICIOUS_MOVES = YES;
				CLANG_WARN_UNREACHABLE_CODE = YES;
				CLANG_WARN__DUPLICATE_METHOD_MATCH = YES;
				CODE_SIGN_IDENTITY = "iPhone Developer";
				"CODE_SIGN_IDENTITY[sdk=iphoneos*]" = "iPhone Developer";
				COPY_PHASE_STRIP = NO;
				DEBUG_INFORMATION_FORMAT = dwarf;
				ENABLE_STRICT_OBJC_MSGSEND = YES;
				ENABLE_TESTABILITY = YES;
				GCC_C_LANGUAGE_STANDARD = gnu99;
				GCC_DYNAMIC_NO_PIC = NO;
				GCC_NO_COMMON_BLOCKS = YES;
				GCC_OPTIMIZATION_LEVEL = 0;
				GCC_PREPROCESSOR_DEFINITIONS = (
					"DEBUG=1",
					"$(inherited)",
				);
				GCC_WARN_64_TO_32_BIT_CONVERSION = YES;
				GCC_WARN_ABOUT_RETURN_TYPE = YES_ERROR;
				GCC_WARN_UNDECLARED_SELECTOR = YES;
				GCC_WARN_UNINITIALIZED_AUTOS = YES_AGGRESSIVE;
				GCC_WARN_UNUSED_FUNCTION = YES;
				GCC_WARN_UNUSED_VARIABLE = YES;
				IPHONEOS_DEPLOYMENT_TARGET = 10.0;
				MTL_ENABLE_DEBUG_INFO = YES;
				ONLY_ACTIVE_ARCH = YES;
				SDKROOT = iphoneos;
				SWIFT_ACTIVE_COMPILATION_CONDITIONS = DEBUG;
				SWIFT_OPTIMIZATION_LEVEL = "-Onone";
			};
			name = Debug;
		};
		9F8CBB301DD1E574002B3DBA /* Release */ = {
			isa = XCBuildConfiguration;
			buildSettings = {
				ALWAYS_SEARCH_USER_PATHS = NO;
				CLANG_ANALYZER_LOCALIZABILITY_NONLOCALIZED = YES;
				CLANG_ANALYZER_NONNULL = YES;
				CLANG_CXX_LANGUAGE_STANDARD = "gnu++0x";
				CLANG_CXX_LIBRARY = "libc++";
				CLANG_ENABLE_MODULES = YES;
				CLANG_ENABLE_OBJC_ARC = YES;
				CLANG_WARN_BOOL_CONVERSION = YES;
				CLANG_WARN_CONSTANT_CONVERSION = YES;
				CLANG_WARN_DIRECT_OBJC_ISA_USAGE = YES_ERROR;
				CLANG_WARN_DOCUMENTATION_COMMENTS = YES;
				CLANG_WARN_EMPTY_BODY = YES;
				CLANG_WARN_ENUM_CONVERSION = YES;
				CLANG_WARN_INFINITE_RECURSION = YES;
				CLANG_WARN_INT_CONVERSION = YES;
				CLANG_WARN_OBJC_ROOT_CLASS = YES_ERROR;
				CLANG_WARN_SUSPICIOUS_MOVE = YES;
				CLANG_WARN_SUSPICIOUS_MOVES = YES;
				CLANG_WARN_UNREACHABLE_CODE = YES;
				CLANG_WARN__DUPLICATE_METHOD_MATCH = YES;
				CODE_SIGN_IDENTITY = "iPhone Developer";
				"CODE_SIGN_IDENTITY[sdk=iphoneos*]" = "iPhone Developer";
				COPY_PHASE_STRIP = NO;
				DEBUG_INFORMATION_FORMAT = "dwarf-with-dsym";
				ENABLE_NS_ASSERTIONS = NO;
				ENABLE_STRICT_OBJC_MSGSEND = YES;
				GCC_C_LANGUAGE_STANDARD = gnu99;
				GCC_NO_COMMON_BLOCKS = YES;
				GCC_WARN_64_TO_32_BIT_CONVERSION = YES;
				GCC_WARN_ABOUT_RETURN_TYPE = YES_ERROR;
				GCC_WARN_UNDECLARED_SELECTOR = YES;
				GCC_WARN_UNINITIALIZED_AUTOS = YES_AGGRESSIVE;
				GCC_WARN_UNUSED_FUNCTION = YES;
				GCC_WARN_UNUSED_VARIABLE = YES;
				IPHONEOS_DEPLOYMENT_TARGET = 10.0;
				MTL_ENABLE_DEBUG_INFO = NO;
				SDKROOT = iphoneos;
				SWIFT_OPTIMIZATION_LEVEL = "-Owholemodule";
				VALIDATE_PRODUCT = YES;
			};
			name = Release;
		};
		9F8CBB321DD1E574002B3DBA /* Debug */ = {
			isa = XCBuildConfiguration;
			baseConfigurationReference = 78CF1CE33110201566327E23 /* Pods-asoviva.debug.xcconfig */;
			buildSettings = {
				ASSETCATALOG_COMPILER_APPICON_NAME = AppIcon;
				DEVELOPMENT_TEAM = J476SJFME4;
				FRAMEWORK_SEARCH_PATHS = (
					"$(inherited)",
					"$(PROJECT_DIR)/Carthage/Build/iOS",
					"$(PROJECT_DIR)/build/Debug-iphoneos/SCLAlertView",
					"$(PROJECT_DIR)",
					"$(PROJECT_DIR)/build/Debug-iphoneos/GooglePlaces",
				);
				INFOPLIST_FILE = asoviva/Info.plist;
				LD_RUNPATH_SEARCH_PATHS = "$(inherited) @executable_path/Frameworks";
				PRODUCT_BUNDLE_IDENTIFIER = com.lit.asoviva;
				PRODUCT_NAME = "$(TARGET_NAME)";
				SWIFT_VERSION = 3.0;
			};
			name = Debug;
		};
		9F8CBB331DD1E574002B3DBA /* Release */ = {
			isa = XCBuildConfiguration;
			baseConfigurationReference = 2F3AF750FA1B45E6F99EE965 /* Pods-asoviva.release.xcconfig */;
			buildSettings = {
				ASSETCATALOG_COMPILER_APPICON_NAME = AppIcon;
				DEVELOPMENT_TEAM = J476SJFME4;
				FRAMEWORK_SEARCH_PATHS = (
					"$(inherited)",
					"$(PROJECT_DIR)/Carthage/Build/iOS",
					"$(PROJECT_DIR)/build/Debug-iphoneos/SCLAlertView",
					"$(PROJECT_DIR)",
					"$(PROJECT_DIR)/build/Debug-iphoneos/GooglePlaces",
				);
				INFOPLIST_FILE = asoviva/Info.plist;
				LD_RUNPATH_SEARCH_PATHS = "$(inherited) @executable_path/Frameworks";
				PRODUCT_BUNDLE_IDENTIFIER = com.lit.asoviva;
				PRODUCT_NAME = "$(TARGET_NAME)";
				SWIFT_VERSION = 3.0;
			};
			name = Release;
		};
		9F8CBB351DD1E574002B3DBA /* Debug */ = {
			isa = XCBuildConfiguration;
			baseConfigurationReference = FB105D80A53C4A293E4B534F /* Pods-asovivaTests.debug.xcconfig */;
			buildSettings = {
				ALWAYS_EMBED_SWIFT_STANDARD_LIBRARIES = YES;
				BUNDLE_LOADER = "$(TEST_HOST)";
				DEVELOPMENT_TEAM = J476SJFME4;
				INFOPLIST_FILE = asovivaTests/Info.plist;
				LD_RUNPATH_SEARCH_PATHS = "$(inherited) @executable_path/Frameworks @loader_path/Frameworks";
				PRODUCT_BUNDLE_IDENTIFIER = com.lit.asovivaTests;
				PRODUCT_NAME = "$(TARGET_NAME)";
				SWIFT_VERSION = 3.0;
				TEST_HOST = "$(BUILT_PRODUCTS_DIR)/asoviva.app/asoviva";
			};
			name = Debug;
		};
		9F8CBB361DD1E574002B3DBA /* Release */ = {
			isa = XCBuildConfiguration;
			baseConfigurationReference = FE41C5F1DCA636049125BE31 /* Pods-asovivaTests.release.xcconfig */;
			buildSettings = {
				ALWAYS_EMBED_SWIFT_STANDARD_LIBRARIES = YES;
				BUNDLE_LOADER = "$(TEST_HOST)";
				DEVELOPMENT_TEAM = J476SJFME4;
				INFOPLIST_FILE = asovivaTests/Info.plist;
				LD_RUNPATH_SEARCH_PATHS = "$(inherited) @executable_path/Frameworks @loader_path/Frameworks";
				PRODUCT_BUNDLE_IDENTIFIER = com.lit.asovivaTests;
				PRODUCT_NAME = "$(TARGET_NAME)";
				SWIFT_VERSION = 3.0;
				TEST_HOST = "$(BUILT_PRODUCTS_DIR)/asoviva.app/asoviva";
			};
			name = Release;
		};
		9F8CBB381DD1E574002B3DBA /* Debug */ = {
			isa = XCBuildConfiguration;
			baseConfigurationReference = 6271883DF96652BC2BC08E7E /* Pods-asovivaUITests.debug.xcconfig */;
			buildSettings = {
				ALWAYS_EMBED_SWIFT_STANDARD_LIBRARIES = YES;
				DEVELOPMENT_TEAM = J476SJFME4;
				INFOPLIST_FILE = asovivaUITests/Info.plist;
				LD_RUNPATH_SEARCH_PATHS = "$(inherited) @executable_path/Frameworks @loader_path/Frameworks";
				PRODUCT_BUNDLE_IDENTIFIER = com.lit.asovivaUITests;
				PRODUCT_NAME = "$(TARGET_NAME)";
				SWIFT_VERSION = 3.0;
				TEST_TARGET_NAME = asoviva;
			};
			name = Debug;
		};
		9F8CBB391DD1E574002B3DBA /* Release */ = {
			isa = XCBuildConfiguration;
			baseConfigurationReference = 71902EDE5C8A45CDA48067E8 /* Pods-asovivaUITests.release.xcconfig */;
			buildSettings = {
				ALWAYS_EMBED_SWIFT_STANDARD_LIBRARIES = YES;
				DEVELOPMENT_TEAM = J476SJFME4;
				INFOPLIST_FILE = asovivaUITests/Info.plist;
				LD_RUNPATH_SEARCH_PATHS = "$(inherited) @executable_path/Frameworks @loader_path/Frameworks";
				PRODUCT_BUNDLE_IDENTIFIER = com.lit.asovivaUITests;
				PRODUCT_NAME = "$(TARGET_NAME)";
				SWIFT_VERSION = 3.0;
				TEST_TARGET_NAME = asoviva;
			};
			name = Release;
		};
/* End XCBuildConfiguration section */

/* Begin XCConfigurationList section */
		9F8CBB041DD1E574002B3DBA /* Build configuration list for PBXProject "asoviva" */ = {
			isa = XCConfigurationList;
			buildConfigurations = (
				9F8CBB2F1DD1E574002B3DBA /* Debug */,
				9F8CBB301DD1E574002B3DBA /* Release */,
			);
			defaultConfigurationIsVisible = 0;
			defaultConfigurationName = Release;
		};
		9F8CBB311DD1E574002B3DBA /* Build configuration list for PBXNativeTarget "asoviva" */ = {
			isa = XCConfigurationList;
			buildConfigurations = (
				9F8CBB321DD1E574002B3DBA /* Debug */,
				9F8CBB331DD1E574002B3DBA /* Release */,
			);
			defaultConfigurationIsVisible = 0;
			defaultConfigurationName = Release;
		};
		9F8CBB341DD1E574002B3DBA /* Build configuration list for PBXNativeTarget "asovivaTests" */ = {
			isa = XCConfigurationList;
			buildConfigurations = (
				9F8CBB351DD1E574002B3DBA /* Debug */,
				9F8CBB361DD1E574002B3DBA /* Release */,
			);
			defaultConfigurationIsVisible = 0;
			defaultConfigurationName = Release;
		};
		9F8CBB371DD1E574002B3DBA /* Build configuration list for PBXNativeTarget "asovivaUITests" */ = {
			isa = XCConfigurationList;
			buildConfigurations = (
				9F8CBB381DD1E574002B3DBA /* Debug */,
				9F8CBB391DD1E574002B3DBA /* Release */,
			);
			defaultConfigurationIsVisible = 0;
			defaultConfigurationName = Release;
		};
/* End XCConfigurationList section */
	};
	rootObject = 9F8CBB011DD1E574002B3DBA /* Project object */;
}
